
Microsoft Visual Studio Solution File, Format Version 12.00
# Visual Studio Version 17
VisualStudioVersion = 17.0.31903.59
MinimumVisualStudioVersion = 10.0.40219.1
Project("{9A19103F-16F7-4668-BE54-9A1E7A4F7556}") = "DrawStuff.Runtime", "Runtime\DrawStuff.Runtime.csproj", "{83FFD055-E375-4CA6-BCC5-CFD65CE31619}"
EndProject
Project("{9A19103F-16F7-4668-BE54-9A1E7A4F7556}") = "DrawStuff.SourceGenerator", "SourceGenerator\DrawStuff.SourceGenerator.csproj", "{3DAB6B2E-F00E-4043-A184-280D307D1D4F}"
EndProject
Project("{2150E333-8FDC-42A3-9474-1A3956D46DE8}") = "Samples", "Samples", "{376493A6-BDAF-462F-B830-2A3DDEB33CD0}"
EndProject
Project("{9A19103F-16F7-4668-BE54-9A1E7A4F7556}") = "DrawSquare", "Samples\DrawSquare\DrawSquare.csproj", "{CBB2A073-18E3-4A1E-93BC-DAFA553FB43B}"
EndProject
Project("{2150E333-8FDC-42A3-9474-1A3956D46DE8}") = "Tests", "Tests", "{D76D3504-E21D-44C2-B3F3-4EC39380BB0C}"
EndProject
Project("{9A19103F-16F7-4668-BE54-9A1E7A4F7556}") = "SourceGeneratorTests", "Tests\SourceGeneratorTests\SourceGeneratorTests.csproj", "{E22DBAD3-D720-46EF-9F72-177B4F41EAC2}"
EndProject
Project("{9A19103F-16F7-4668-BE54-9A1E7A4F7556}") = "DrawText", "Samples\DrawText\DrawText.csproj", "{4F2886E4-048A-47E8-BF60-0BBA2C9A4424}"
EndProject
Project("{9A19103F-16F7-4668-BE54-9A1E7A4F7556}") = "DrawStuff.Core", "Core\DrawStuff.Core.csproj", "{1C102C09-67BC-417C-A66C-6A594E887516}"
EndProject
Project("{9A19103F-16F7-4668-BE54-9A1E7A4F7556}") = "CubeWorld", "Samples\CubeWorld\CubeWorld.csproj", "{60C364FA-E761-40E2-BD2E-E7837BC74AA7}"
EndProject
Global
	GlobalSection(SolutionConfigurationPlatforms) = preSolution
		Debug|Any CPU = Debug|Any CPU
		Release|Any CPU = Release|Any CPU
	EndGlobalSection
	GlobalSection(ProjectConfigurationPlatforms) = postSolution
		{83FFD055-E375-4CA6-BCC5-CFD65CE31619}.Debug|Any CPU.ActiveCfg = Debug|Any CPU
		{83FFD055-E375-4CA6-BCC5-CFD65CE31619}.Debug|Any CPU.Build.0 = Debug|Any CPU
		{83FFD055-E375-4CA6-BCC5-CFD65CE31619}.Release|Any CPU.ActiveCfg = Release|Any CPU
		{83FFD055-E375-4CA6-BCC5-CFD65CE31619}.Release|Any CPU.Build.0 = Release|Any CPU
		{3DAB6B2E-F00E-4043-A184-280D307D1D4F}.Debug|Any CPU.ActiveCfg = Debug|Any CPU
		{3DAB6B2E-F00E-4043-A184-280D307D1D4F}.Debug|Any CPU.Build.0 = Debug|Any CPU
		{3DAB6B2E-F00E-4043-A184-280D307D1D4F}.Release|Any CPU.ActiveCfg = Release|Any CPU
		{3DAB6B2E-F00E-4043-A184-280D307D1D4F}.Release|Any CPU.Build.0 = Release|Any CPU
		{CBB2A073-18E3-4A1E-93BC-DAFA553FB43B}.Debug|Any CPU.ActiveCfg = Debug|Any CPU
		{CBB2A073-18E3-4A1E-93BC-DAFA553FB43B}.Debug|Any CPU.Build.0 = Debug|Any CPU
		{CBB2A073-18E3-4A1E-93BC-DAFA553FB43B}.Release|Any CPU.ActiveCfg = Release|Any CPU
		{CBB2A073-18E3-4A1E-93BC-DAFA553FB43B}.Release|Any CPU.Build.0 = Release|Any CPU
		{E22DBAD3-D720-46EF-9F72-177B4F41EAC2}.Debug|Any CPU.ActiveCfg = Debug|Any CPU
		{E22DBAD3-D720-46EF-9F72-177B4F41EAC2}.Debug|Any CPU.Build.0 = Debug|Any CPU
		{E22DBAD3-D720-46EF-9F72-177B4F41EAC2}.Release|Any CPU.ActiveCfg = Release|Any CPU
		{E22DBAD3-D720-46EF-9F72-177B4F41EAC2}.Release|Any CPU.Build.0 = Release|Any CPU
		{4F2886E4-048A-47E8-BF60-0BBA2C9A4424}.Debug|Any CPU.ActiveCfg = Debug|Any CPU
		{4F2886E4-048A-47E8-BF60-0BBA2C9A4424}.Debug|Any CPU.Build.0 = Debug|Any CPU
		{4F2886E4-048A-47E8-BF60-0BBA2C9A4424}.Release|Any CPU.ActiveCfg = Release|Any CPU
		{4F2886E4-048A-47E8-BF60-0BBA2C9A4424}.Release|Any CPU.Build.0 = Release|Any CPU
		{1C102C09-67BC-417C-A66C-6A594E887516}.Debug|Any CPU.ActiveCfg = Debug|Any CPU
		{1C102C09-67BC-417C-A66C-6A594E887516}.Debug|Any CPU.Build.0 = Debug|Any CPU
		{1C102C09-67BC-417C-A66C-6A594E887516}.Release|Any CPU.ActiveCfg = Release|Any CPU
		{1C102C09-67BC-417C-A66C-6A594E887516}.Release|Any CPU.Build.0 = Release|Any CPU
		{60C364FA-E761-40E2-BD2E-E7837BC74AA7}.Debug|Any CPU.ActiveCfg = Debug|Any CPU
		{60C364FA-E761-40E2-BD2E-E7837BC74AA7}.Debug|Any CPU.Build.0 = Debug|Any CPU
		{60C364FA-E761-40E2-BD2E-E7837BC74AA7}.Release|Any CPU.ActiveCfg = Release|Any CPU
		{60C364FA-E761-40E2-BD2E-E7837BC74AA7}.Release|Any CPU.Build.0 = Release|Any CPU
	EndGlobalSection
	GlobalSection(SolutionProperties) = preSolution
		HideSolutionNode = FALSE
	EndGlobalSection
	GlobalSection(NestedProjects) = preSolution
		{CBB2A073-18E3-4A1E-93BC-DAFA553FB43B} = {376493A6-BDAF-462F-B830-2A3DDEB33CD0}
		{E22DBAD3-D720-46EF-9F72-177B4F41EAC2} = {D76D3504-E21D-44C2-B3F3-4EC39380BB0C}
		{4F2886E4-048A-47E8-BF60-0BBA2C9A4424} = {376493A6-BDAF-462F-B830-2A3DDEB33CD0}
		{60C364FA-E761-40E2-BD2E-E7837BC74AA7} = {376493A6-BDAF-462F-B830-2A3DDEB33CD0}
	EndGlobalSection
	GlobalSection(ExtensibilityGlobals) = postSolution
		SolutionGuid = {6478E055-9A18-4847-9AD9-88359937941A}
	EndGlobalSection
EndGlobal
